
Microsoft Visual Studio Solution File, Format Version 12.00
# Visual Studio 15
VisualStudioVersion = 15.0.28307.572
MinimumVisualStudioVersion = 10.0.40219.1
Project("{FAE04EC0-301F-11D3-BF4B-00C04F79EFBC}") = "Lands.Android", "Lands\Lands.Android\Lands.Android.csproj", "{B6925149-446C-4EB2-9225-7B0AB665D7B6}"
EndProject
Project("{FAE04EC0-301F-11D3-BF4B-00C04F79EFBC}") = "Lands.iOS", "Lands\Lands.iOS\Lands.iOS.csproj", "{4EED0033-61AE-4B76-BC99-113BDC07C367}"
EndProject
Project("{9A19103F-16F7-4668-BE54-9A1E7A4F7556}") = "Lands", "Lands\Lands\Lands.csproj", "{17045BD7-9557-4179-A698-8E7D4ACB4F20}"
EndProject
Project("{FAE04EC0-301F-11D3-BF4B-00C04F79EFBC}") = "Lands.Domain", "Lands.Domain\Lands.Domain.csproj", "{C8FE1EA6-7C61-4961-A429-A07FCC1FBDDC}"
EndProject
Project("{FAE04EC0-301F-11D3-BF4B-00C04F79EFBC}") = "Lands.Backend", "Lands.Backend\Lands.Backend.csproj", "{B2E1F811-5F6E-476B-8CE3-391C21B311FE}"
EndProject
Project("{FAE04EC0-301F-11D3-BF4B-00C04F79EFBC}") = "Lands.API", "Lands.API\Lands.API.csproj", "{AF773CAF-3DB7-4F14-813A-375EB7F67333}"
EndProject
Global
	GlobalSection(SolutionConfigurationPlatforms) = preSolution
		Ad-Hoc|Any CPU = Ad-Hoc|Any CPU
		Ad-Hoc|iPhone = Ad-Hoc|iPhone
		Ad-Hoc|iPhoneSimulator = Ad-Hoc|iPhoneSimulator
		AppStore|Any CPU = AppStore|Any CPU
		AppStore|iPhone = AppStore|iPhone
		AppStore|iPhoneSimulator = AppStore|iPhoneSimulator
		Debug|Any CPU = Debug|Any CPU
		Debug|iPhone = Debug|iPhone
		Debug|iPhoneSimulator = Debug|iPhoneSimulator
		Release|Any CPU = Release|Any CPU
		Release|iPhone = Release|iPhone
		Release|iPhoneSimulator = Release|iPhoneSimulator
	EndGlobalSection
	GlobalSection(ProjectConfigurationPlatforms) = postSolution
		{B6925149-446C-4EB2-9225-7B0AB665D7B6}.Ad-Hoc|Any CPU.ActiveCfg = Release|Any CPU
		{B6925149-446C-4EB2-9225-7B0AB665D7B6}.Ad-Hoc|Any CPU.Build.0 = Release|Any CPU
		{B6925149-446C-4EB2-9225-7B0AB665D7B6}.Ad-Hoc|Any CPU.Deploy.0 = Release|Any CPU
		{B6925149-446C-4EB2-9225-7B0AB665D7B6}.Ad-Hoc|iPhone.ActiveCfg = Release|Any CPU
		{B6925149-446C-4EB2-9225-7B0AB665D7B6}.Ad-Hoc|iPhone.Build.0 = Release|Any CPU
		{B6925149-446C-4EB2-9225-7B0AB665D7B6}.Ad-Hoc|iPhone.Deploy.0 = Release|Any CPU
		{B6925149-446C-4EB2-9225-7B0AB665D7B6}.Ad-Hoc|iPhoneSimulator.ActiveCfg = Release|Any CPU
		{B6925149-446C-4EB2-9225-7B0AB665D7B6}.Ad-Hoc|iPhoneSimulator.Build.0 = Release|Any CPU
		{B6925149-446C-4EB2-9225-7B0AB665D7B6}.Ad-Hoc|iPhoneSimulator.Deploy.0 = Release|Any CPU
		{B6925149-446C-4EB2-9225-7B0AB665D7B6}.AppStore|Any CPU.ActiveCfg = Release|Any CPU
		{B6925149-446C-4EB2-9225-7B0AB665D7B6}.AppStore|Any CPU.Build.0 = Release|Any CPU
		{B6925149-446C-4EB2-9225-7B0AB665D7B6}.AppStore|Any CPU.Deploy.0 = Release|Any CPU
		{B6925149-446C-4EB2-9225-7B0AB665D7B6}.AppStore|iPhone.ActiveCfg = Release|Any CPU
		{B6925149-446C-4EB2-9225-7B0AB665D7B6}.AppStore|iPhone.Build.0 = Release|Any CPU
		{B6925149-446C-4EB2-9225-7B0AB665D7B6}.AppStore|iPhone.Deploy.0 = Release|Any CPU
		{B6925149-446C-4EB2-9225-7B0AB665D7B6}.AppStore|iPhoneSimulator.ActiveCfg = Release|Any CPU
		{B6925149-446C-4EB2-9225-7B0AB665D7B6}.AppStore|iPhoneSimulator.Build.0 = Release|Any CPU
		{B6925149-446C-4EB2-9225-7B0AB665D7B6}.AppStore|iPhoneSimulator.Deploy.0 = Release|Any CPU
		{B6925149-446C-4EB2-9225-7B0AB665D7B6}.Debug|Any CPU.ActiveCfg = Debug|Any CPU
		{B6925149-446C-4EB2-9225-7B0AB665D7B6}.Debug|Any CPU.Build.0 = Debug|Any CPU
		{B6925149-446C-4EB2-9225-7B0AB665D7B6}.Debug|Any CPU.Deploy.0 = Debug|Any CPU
		{B6925149-446C-4EB2-9225-7B0AB665D7B6}.Debug|iPhone.ActiveCfg = Debug|Any CPU
		{B6925149-446C-4EB2-9225-7B0AB665D7B6}.Debug|iPhone.Build.0 = Debug|Any CPU
		{B6925149-446C-4EB2-9225-7B0AB665D7B6}.Debug|iPhone.Deploy.0 = Debug|Any CPU
		{B6925149-446C-4EB2-9225-7B0AB665D7B6}.Debug|iPhoneSimulator.ActiveCfg = Debug|Any CPU
		{B6925149-446C-4EB2-9225-7B0AB665D7B6}.Debug|iPhoneSimulator.Build.0 = Debug|Any CPU
		{B6925149-446C-4EB2-9225-7B0AB665D7B6}.Debug|iPhoneSimulator.Deploy.0 = Debug|Any CPU
		{B6925149-446C-4EB2-9225-7B0AB665D7B6}.Release|Any CPU.ActiveCfg = Release|Any CPU
		{B6925149-446C-4EB2-9225-7B0AB665D7B6}.Release|Any CPU.Build.0 = Release|Any CPU
		{B6925149-446C-4EB2-9225-7B0AB665D7B6}.Release|Any CPU.Deploy.0 = Release|Any CPU
		{B6925149-446C-4EB2-9225-7B0AB665D7B6}.Release|iPhone.ActiveCfg = Release|Any CPU
		{B6925149-446C-4EB2-9225-7B0AB665D7B6}.Release|iPhone.Build.0 = Release|Any CPU
		{B6925149-446C-4EB2-9225-7B0AB665D7B6}.Release|iPhone.Deploy.0 = Release|Any CPU
		{B6925149-446C-4EB2-9225-7B0AB665D7B6}.Release|iPhoneSimulator.ActiveCfg = Release|Any CPU
		{B6925149-446C-4EB2-9225-7B0AB665D7B6}.Release|iPhoneSimulator.Build.0 = Release|Any CPU
		{B6925149-446C-4EB2-9225-7B0AB665D7B6}.Release|iPhoneSimulator.Deploy.0 = Release|Any CPU
		{4EED0033-61AE-4B76-BC99-113BDC07C367}.Ad-Hoc|Any CPU.ActiveCfg = Ad-Hoc|iPhone
		{4EED0033-61AE-4B76-BC99-113BDC07C367}.Ad-Hoc|Any CPU.Build.0 = Ad-Hoc|iPhone
		{4EED0033-61AE-4B76-BC99-113BDC07C367}.Ad-Hoc|Any CPU.Deploy.0 = Ad-Hoc|iPhone
		{4EED0033-61AE-4B76-BC99-113BDC07C367}.Ad-Hoc|iPhone.ActiveCfg = Ad-Hoc|iPhone
		{4EED0033-61AE-4B76-BC99-113BDC07C367}.Ad-Hoc|iPhone.Build.0 = Ad-Hoc|iPhone
		{4EED0033-61AE-4B76-BC99-113BDC07C367}.Ad-Hoc|iPhone.Deploy.0 = Ad-Hoc|iPhone
		{4EED0033-61AE-4B76-BC99-113BDC07C367}.Ad-Hoc|iPhoneSimulator.ActiveCfg = Ad-Hoc|iPhoneSimulator
		{4EED0033-61AE-4B76-BC99-113BDC07C367}.Ad-Hoc|iPhoneSimulator.Build.0 = Ad-Hoc|iPhoneSimulator
		{4EED0033-61AE-4B76-BC99-113BDC07C367}.Ad-Hoc|iPhoneSimulator.Deploy.0 = Ad-Hoc|iPhoneSimulator
		{4EED0033-61AE-4B76-BC99-113BDC07C367}.AppStore|Any CPU.ActiveCfg = AppStore|iPhone
		{4EED0033-61AE-4B76-BC99-113BDC07C367}.AppStore|Any CPU.Build.0 = AppStore|iPhone
		{4EED0033-61AE-4B76-BC99-113BDC07C367}.AppStore|Any CPU.Deploy.0 = AppStore|iPhone
		{4EED0033-61AE-4B76-BC99-113BDC07C367}.AppStore|iPhone.ActiveCfg = AppStore|iPhone
		{4EED0033-61AE-4B76-BC99-113BDC07C367}.AppStore|iPhone.Build.0 = AppStore|iPhone
		{4EED0033-61AE-4B76-BC99-113BDC07C367}.AppStore|iPhone.Deploy.0 = AppStore|iPhone
		{4EED0033-61AE-4B76-BC99-113BDC07C367}.AppStore|iPhoneSimulator.ActiveCfg = AppStore|iPhoneSimulator
		{4EED0033-61AE-4B76-BC99-113BDC07C367}.AppStore|iPhoneSimulator.Build.0 = AppStore|iPhoneSimulator
		{4EED0033-61AE-4B76-BC99-113BDC07C367}.AppStore|iPhoneSimulator.Deploy.0 = AppStore|iPhoneSimulator
		{4EED0033-61AE-4B76-BC99-113BDC07C367}.Debug|Any CPU.ActiveCfg = Debug|iPhoneSimulator
		{4EED0033-61AE-4B76-BC99-113BDC07C367}.Debug|Any CPU.Build.0 = Debug|iPhoneSimulator
		{4EED0033-61AE-4B76-BC99-113BDC07C367}.Debug|Any CPU.Deploy.0 = Debug|iPhoneSimulator
		{4EED0033-61AE-4B76-BC99-113BDC07C367}.Debug|iPhone.ActiveCfg = Debug|iPhone
		{4EED0033-61AE-4B76-BC99-113BDC07C367}.Debug|iPhone.Build.0 = Debug|iPhone
		{4EED0033-61AE-4B76-BC99-113BDC07C367}.Debug|iPhone.Deploy.0 = Debug|iPhone
		{4EED0033-61AE-4B76-BC99-113BDC07C367}.Debug|iPhoneSimulator.ActiveCfg = Debug|iPhoneSimulator
		{4EED0033-61AE-4B76-BC99-113BDC07C367}.Debug|iPhoneSimulator.Build.0 = Debug|iPhoneSimulator
		{4EED0033-61AE-4B76-BC99-113BDC07C367}.Debug|iPhoneSimulator.Deploy.0 = Debug|iPhoneSimulator
		{4EED0033-61AE-4B76-BC99-113BDC07C367}.Release|Any CPU.ActiveCfg = Release|iPhone
		{4EED0033-61AE-4B76-BC99-113BDC07C367}.Release|Any CPU.Build.0 = Release|iPhone
		{4EED0033-61AE-4B76-BC99-113BDC07C367}.Release|Any CPU.Deploy.0 = Release|iPhone
		{4EED0033-61AE-4B76-BC99-113BDC07C367}.Release|iPhone.ActiveCfg = Release|iPhone
		{4EED0033-61AE-4B76-BC99-113BDC07C367}.Release|iPhone.Build.0 = Release|iPhone
		{4EED0033-61AE-4B76-BC99-113BDC07C367}.Release|iPhone.Deploy.0 = Release|iPhone
		{4EED0033-61AE-4B76-BC99-113BDC07C367}.Release|iPhoneSimulator.ActiveCfg = Release|iPhoneSimulator
		{4EED0033-61AE-4B76-BC99-113BDC07C367}.Release|iPhoneSimulator.Build.0 = Release|iPhoneSimulator
		{4EED0033-61AE-4B76-BC99-113BDC07C367}.Release|iPhoneSimulator.Deploy.0 = Release|iPhoneSimulator
		{17045BD7-9557-4179-A698-8E7D4ACB4F20}.Ad-Hoc|Any CPU.ActiveCfg = Debug|Any CPU
		{17045BD7-9557-4179-A698-8E7D4ACB4F20}.Ad-Hoc|Any CPU.Build.0 = Debug|Any CPU
		{17045BD7-9557-4179-A698-8E7D4ACB4F20}.Ad-Hoc|Any CPU.Deploy.0 = Debug|Any CPU
		{17045BD7-9557-4179-A698-8E7D4ACB4F20}.Ad-Hoc|iPhone.ActiveCfg = Debug|Any CPU
		{17045BD7-9557-4179-A698-8E7D4ACB4F20}.Ad-Hoc|iPhone.Build.0 = Debug|Any CPU
		{17045BD7-9557-4179-A698-8E7D4ACB4F20}.Ad-Hoc|iPhone.Deploy.0 = Debug|Any CPU
		{17045BD7-9557-4179-A698-8E7D4ACB4F20}.Ad-Hoc|iPhoneSimulator.ActiveCfg = Debug|Any CPU
		{17045BD7-9557-4179-A698-8E7D4ACB4F20}.Ad-Hoc|iPhoneSimulator.Build.0 = Debug|Any CPU
		{17045BD7-9557-4179-A698-8E7D4ACB4F20}.Ad-Hoc|iPhoneSimulator.Deploy.0 = Debug|Any CPU
		{17045BD7-9557-4179-A698-8E7D4ACB4F20}.AppStore|Any CPU.ActiveCfg = Debug|Any CPU
		{17045BD7-9557-4179-A698-8E7D4ACB4F20}.AppStore|Any CPU.Build.0 = Debug|Any CPU
		{17045BD7-9557-4179-A698-8E7D4ACB4F20}.AppStore|Any CPU.Deploy.0 = Debug|Any CPU
		{17045BD7-9557-4179-A698-8E7D4ACB4F20}.AppStore|iPhone.ActiveCfg = Debug|Any CPU
		{17045BD7-9557-4179-A698-8E7D4ACB4F20}.AppStore|iPhone.Build.0 = Debug|Any CPU
		{17045BD7-9557-4179-A698-8E7D4ACB4F20}.AppStore|iPhone.Deploy.0 = Debug|Any CPU
		{17045BD7-9557-4179-A698-8E7D4ACB4F20}.AppStore|iPhoneSimulator.ActiveCfg = Debug|Any CPU
		{17045BD7-9557-4179-A698-8E7D4ACB4F20}.AppStore|iPhoneSimulator.Build.0 = Debug|Any CPU
		{17045BD7-9557-4179-A698-8E7D4ACB4F20}.AppStore|iPhoneSimulator.Deploy.0 = Debug|Any CPU
		{17045BD7-9557-4179-A698-8E7D4ACB4F20}.Debug|Any CPU.ActiveCfg = Debug|Any CPU
		{17045BD7-9557-4179-A698-8E7D4ACB4F20}.Debug|Any CPU.Build.0 = Debug|Any CPU
		{17045BD7-9557-4179-A698-8E7D4ACB4F20}.Debug|Any CPU.Deploy.0 = Debug|Any CPU
		{17045BD7-9557-4179-A698-8E7D4ACB4F20}.Debug|iPhone.ActiveCfg = Debug|Any CPU
		{17045BD7-9557-4179-A698-8E7D4ACB4F20}.Debug|iPhone.Build.0 = Debug|Any CPU
		{17045BD7-9557-4179-A698-8E7D4ACB4F20}.Debug|iPhone.Deploy.0 = Debug|Any CPU
		{17045BD7-9557-4179-A698-8E7D4ACB4F20}.Debug|iPhoneSimulator.ActiveCfg = Debug|Any CPU
		{17045BD7-9557-4179-A698-8E7D4ACB4F20}.Debug|iPhoneSimulator.Build.0 = Debug|Any CPU
		{17045BD7-9557-4179-A698-8E7D4ACB4F20}.Debug|iPhoneSimulator.Deploy.0 = Debug|Any CPU
		{17045BD7-9557-4179-A698-8E7D4ACB4F20}.Release|Any CPU.ActiveCfg = Release|Any CPU
		{17045BD7-9557-4179-A698-8E7D4ACB4F20}.Release|Any CPU.Build.0 = Release|Any CPU
		{17045BD7-9557-4179-A698-8E7D4ACB4F20}.Release|Any CPU.Deploy.0 = Release|Any CPU
		{17045BD7-9557-4179-A698-8E7D4ACB4F20}.Release|iPhone.ActiveCfg = Release|Any CPU
		{17045BD7-9557-4179-A698-8E7D4ACB4F20}.Release|iPhone.Build.0 = Release|Any CPU
		{17045BD7-9557-4179-A698-8E7D4ACB4F20}.Release|iPhone.Deploy.0 = Release|Any CPU
		{17045BD7-9557-4179-A698-8E7D4ACB4F20}.Release|iPhoneSimulator.ActiveCfg = Release|Any CPU
		{17045BD7-9557-4179-A698-8E7D4ACB4F20}.Release|iPhoneSimulator.Build.0 = Release|Any CPU
		{17045BD7-9557-4179-A698-8E7D4ACB4F20}.Release|iPhoneSimulator.Deploy.0 = Release|Any CPU
		{C8FE1EA6-7C61-4961-A429-A07FCC1FBDDC}.Ad-Hoc|Any CPU.ActiveCfg = Release|Any CPU
		{C8FE1EA6-7C61-4961-A429-A07FCC1FBDDC}.Ad-Hoc|Any CPU.Build.0 = Release|Any CPU
		{C8FE1EA6-7C61-4961-A429-A07FCC1FBDDC}.Ad-Hoc|iPhone.ActiveCfg = Release|Any CPU
		{C8FE1EA6-7C61-4961-A429-A07FCC1FBDDC}.Ad-Hoc|iPhone.Build.0 = Release|Any CPU
		{C8FE1EA6-7C61-4961-A429-A07FCC1FBDDC}.Ad-Hoc|iPhoneSimulator.ActiveCfg = Release|Any CPU
		{C8FE1EA6-7C61-4961-A429-A07FCC1FBDDC}.Ad-Hoc|iPhoneSimulator.Build.0 = Release|Any CPU
		{C8FE1EA6-7C61-4961-A429-A07FCC1FBDDC}.AppStore|Any CPU.ActiveCfg = Release|Any CPU
		{C8FE1EA6-7C61-4961-A429-A07FCC1FBDDC}.AppStore|Any CPU.Build.0 = Release|Any CPU
		{C8FE1EA6-7C61-4961-A429-A07FCC1FBDDC}.AppStore|iPhone.ActiveCfg = Release|Any CPU
		{C8FE1EA6-7C61-4961-A429-A07FCC1FBDDC}.AppStore|iPhone.Build.0 = Release|Any CPU
		{C8FE1EA6-7C61-4961-A429-A07FCC1FBDDC}.AppStore|iPhoneSimulator.ActiveCfg = Release|Any CPU
		{C8FE1EA6-7C61-4961-A429-A07FCC1FBDDC}.AppStore|iPhoneSimulator.Build.0 = Release|Any CPU
		{C8FE1EA6-7C61-4961-A429-A07FCC1FBDDC}.Debug|Any CPU.ActiveCfg = Debug|Any CPU
		{C8FE1EA6-7C61-4961-A429-A07FCC1FBDDC}.Debug|Any CPU.Build.0 = Debug|Any CPU
		{C8FE1EA6-7C61-4961-A429-A07FCC1FBDDC}.Debug|iPhone.ActiveCfg = Debug|Any CPU
		{C8FE1EA6-7C61-4961-A429-A07FCC1FBDDC}.Debug|iPhone.Build.0 = Debug|Any CPU
		{C8FE1EA6-7C61-4961-A429-A07FCC1FBDDC}.Debug|iPhoneSimulator.ActiveCfg = Debug|Any CPU
		{C8FE1EA6-7C61-4961-A429-A07FCC1FBDDC}.Debug|iPhoneSimulator.Build.0 = Debug|Any CPU
		{C8FE1EA6-7C61-4961-A429-A07FCC1FBDDC}.Release|Any CPU.ActiveCfg = Release|Any CPU
		{C8FE1EA6-7C61-4961-A429-A07FCC1FBDDC}.Release|Any CPU.Build.0 = Release|Any CPU
		{C8FE1EA6-7C61-4961-A429-A07FCC1FBDDC}.Release|iPhone.ActiveCfg = Release|Any CPU
		{C8FE1EA6-7C61-4961-A429-A07FCC1FBDDC}.Release|iPhone.Build.0 = Release|Any CPU
		{C8FE1EA6-7C61-4961-A429-A07FCC1FBDDC}.Release|iPhoneSimulator.ActiveCfg = Release|Any CPU
		{C8FE1EA6-7C61-4961-A429-A07FCC1FBDDC}.Release|iPhoneSimulator.Build.0 = Release|Any CPU
		{B2E1F811-5F6E-476B-8CE3-391C21B311FE}.Ad-Hoc|Any CPU.ActiveCfg = Release|Any CPU
		{B2E1F811-5F6E-476B-8CE3-391C21B311FE}.Ad-Hoc|Any CPU.Build.0 = Release|Any CPU
		{B2E1F811-5F6E-476B-8CE3-391C21B311FE}.Ad-Hoc|iPhone.ActiveCfg = Release|Any CPU
		{B2E1F811-5F6E-476B-8CE3-391C21B311FE}.Ad-Hoc|iPhone.Build.0 = Release|Any CPU
		{B2E1F811-5F6E-476B-8CE3-391C21B311FE}.Ad-Hoc|iPhoneSimulator.ActiveCfg = Release|Any CPU
		{B2E1F811-5F6E-476B-8CE3-391C21B311FE}.Ad-Hoc|iPhoneSimulator.Build.0 = Release|Any CPU
		{B2E1F811-5F6E-476B-8CE3-391C21B311FE}.AppStore|Any CPU.ActiveCfg = Release|Any CPU
		{B2E1F811-5F6E-476B-8CE3-391C21B311FE}.AppStore|Any CPU.Build.0 = Release|Any CPU
		{B2E1F811-5F6E-476B-8CE3-391C21B311FE}.AppStore|iPhone.ActiveCfg = Release|Any CPU
		{B2E1F811-5F6E-476B-8CE3-391C21B311FE}.AppStore|iPhone.Build.0 = Release|Any CPU
		{B2E1F811-5F6E-476B-8CE3-391C21B311FE}.AppStore|iPhoneSimulator.ActiveCfg = Release|Any CPU
		{B2E1F811-5F6E-476B-8CE3-391C21B311FE}.AppStore|iPhoneSimulator.Build.0 = Release|Any CPU
		{B2E1F811-5F6E-476B-8CE3-391C21B311FE}.Debug|Any CPU.ActiveCfg = Debug|Any CPU
		{B2E1F811-5F6E-476B-8CE3-391C21B311FE}.Debug|Any CPU.Build.0 = Debug|Any CPU
		{B2E1F811-5F6E-476B-8CE3-391C21B311FE}.Debug|iPhone.ActiveCfg = Debug|Any CPU
		{B2E1F811-5F6E-476B-8CE3-391C21B311FE}.Debug|iPhone.Build.0 = Debug|Any CPU
		{B2E1F811-5F6E-476B-8CE3-391C21B311FE}.Debug|iPhoneSimulator.ActiveCfg = Debug|Any CPU
		{B2E1F811-5F6E-476B-8CE3-391C21B311FE}.Debug|iPhoneSimulator.Build.0 = Debug|Any CPU
		{B2E1F811-5F6E-476B-8CE3-391C21B311FE}.Release|Any CPU.ActiveCfg = Release|Any CPU
		{B2E1F811-5F6E-476B-8CE3-391C21B311FE}.Release|Any CPU.Build.0 = Release|Any CPU
		{B2E1F811-5F6E-476B-8CE3-391C21B311FE}.Release|iPhone.ActiveCfg = Release|Any CPU
		{B2E1F811-5F6E-476B-8CE3-391C21B311FE}.Release|iPhone.Build.0 = Release|Any CPU
		{B2E1F811-5F6E-476B-8CE3-391C21B311FE}.Release|iPhoneSimulator.ActiveCfg = Release|Any CPU
		{B2E1F811-5F6E-476B-8CE3-391C21B311FE}.Release|iPhoneSimulator.Build.0 = Release|Any CPU
		{AF773CAF-3DB7-4F14-813A-375EB7F67333}.Ad-Hoc|Any CPU.ActiveCfg = Release|Any CPU
		{AF773CAF-3DB7-4F14-813A-375EB7F67333}.Ad-Hoc|Any CPU.Build.0 = Release|Any CPU
		{AF773CAF-3DB7-4F14-813A-375EB7F67333}.Ad-Hoc|iPhone.ActiveCfg = Release|Any CPU
		{AF773CAF-3DB7-4F14-813A-375EB7F67333}.Ad-Hoc|iPhone.Build.0 = Release|Any CPU
		{AF773CAF-3DB7-4F14-813A-375EB7F67333}.Ad-Hoc|iPhoneSimulator.ActiveCfg = Release|Any CPU
		{AF773CAF-3DB7-4F14-813A-375EB7F67333}.Ad-Hoc|iPhoneSimulator.Build.0 = Release|Any CPU
		{AF773CAF-3DB7-4F14-813A-375EB7F67333}.AppStore|Any CPU.ActiveCfg = Release|Any CPU
		{AF773CAF-3DB7-4F14-813A-375EB7F67333}.AppStore|Any CPU.Build.0 = Release|Any CPU
		{AF773CAF-3DB7-4F14-813A-375EB7F67333}.AppStore|iPhone.ActiveCfg = Release|Any CPU
		{AF773CAF-3DB7-4F14-813A-375EB7F67333}.AppStore|iPhone.Build.0 = Release|Any CPU
		{AF773CAF-3DB7-4F14-813A-375EB7F67333}.AppStore|iPhoneSimulator.ActiveCfg = Release|Any CPU
		{AF773CAF-3DB7-4F14-813A-375EB7F67333}.AppStore|iPhoneSimulator.Build.0 = Release|Any CPU
		{AF773CAF-3DB7-4F14-813A-375EB7F67333}.Debug|Any CPU.ActiveCfg = Debug|Any CPU
		{AF773CAF-3DB7-4F14-813A-375EB7F67333}.Debug|Any CPU.Build.0 = Debug|Any CPU
		{AF773CAF-3DB7-4F14-813A-375EB7F67333}.Debug|iPhone.ActiveCfg = Debug|Any CPU
		{AF773CAF-3DB7-4F14-813A-375EB7F67333}.Debug|iPhone.Build.0 = Debug|Any CPU
		{AF773CAF-3DB7-4F14-813A-375EB7F67333}.Debug|iPhoneSimulator.ActiveCfg = Debug|Any CPU
		{AF773CAF-3DB7-4F14-813A-375EB7F67333}.Debug|iPhoneSimulator.Build.0 = Debug|Any CPU
		{AF773CAF-3DB7-4F14-813A-375EB7F67333}.Release|Any CPU.ActiveCfg = Release|Any CPU
		{AF773CAF-3DB7-4F14-813A-375EB7F67333}.Release|Any CPU.Build.0 = Release|Any CPU
		{AF773CAF-3DB7-4F14-813A-375EB7F67333}.Release|iPhone.ActiveCfg = Release|Any CPU
		{AF773CAF-3DB7-4F14-813A-375EB7F67333}.Release|iPhone.Build.0 = Release|Any CPU
		{AF773CAF-3DB7-4F14-813A-375EB7F67333}.Release|iPhoneSimulator.ActiveCfg = Release|Any CPU
		{AF773CAF-3DB7-4F14-813A-375EB7F67333}.Release|iPhoneSimulator.Build.0 = Release|Any CPU
	EndGlobalSection
	GlobalSection(SolutionProperties) = preSolution
		HideSolutionNode = FALSE
	EndGlobalSection
	GlobalSection(ExtensibilityGlobals) = postSolution
		SolutionGuid = {5B3783BD-0232-43BD-9FEB-B145CC204038}
	EndGlobalSection
EndGlobal
